PODS:
  - Alamofire (5.1.0)
  - HexColors (6.0.0)
  - JVFloatLabeledTextField (1.2.2)
  - RevealingSplashView (0.6.0)
  - RMessage (3.0.3):
    - HexColors (~> 6.0)

DEPENDENCIES:
  - Alamofire
  - JVFloatLabeledTextField
  - RevealingSplashView
  - RMessage

SPEC REPOS:
  trunk:
    - Alamofire
    - HexColors
    - JVFloatLabeledTextField
    - RevealingSplashView
    - RMessage

SPEC CHECKSUMS:
  Alamofire: 9d5c5f602928e512395b30950c5984eca840093c
  HexColors: f8c66339541a74bb08905bfe7cd4f8cc85e9e173
  JVFloatLabeledTextField: df48598472ee015701d509f43e59492a0d4ca208
  RevealingSplashView: 40c5a770894459736acdc95655eeba0dd30ce91c
  RMessage: f6d768616d6afbc2c92a2451de9d7f7617b7195c

PODFILE CHECKSUM: 60a65ddc0d37d97a1ba98a0df5470fd01a3f2ffa

COCOAPODS: 1.9.1
